
Microsoft Visual Studio Solution File, Format Version 12.00
# Visual Studio Version 17
VisualStudioVersion = 17.4.32912.340
MinimumVisualStudioVersion = 10.0.40219.1
Project("{FAE04EC0-301F-11D3-BF4B-00C04F79EFBC}") = "FeatureFlagTutorial", "FeatureFlagTutorial\FeatureFlagTutorial.csproj", "{6035C2AD-E42D-496E-BABB-E47135BF2460}"
EndProject
Global
	GlobalSection(SolutionConfigurationPlatforms) = preSolution
		Debug|Any CPU = Debug|Any CPU
		Release|Any CPU = Release|Any CPU
	EndGlobalSection
	GlobalSection(ProjectConfigurationPlatforms) = postSolution
		{6035C2AD-E42D-496E-BABB-E47135BF2460}.Debug|Any CPU.ActiveCfg = Debug|Any CPU
		{6035C2AD-E42D-496E-BABB-E47135BF2460}.Debug|Any CPU.Build.0 = Debug|Any CPU
		{6035C2AD-E42D-496E-BABB-E47135BF2460}.Release|Any CPU.ActiveCfg = Release|Any CPU
		{6035C2AD-E42D-496E-BABB-E47135BF2460}.Release|Any CPU.Build.0 = Release|Any CPU
	EndGlobalSection
	GlobalSection(SolutionProperties) = preSolution
		HideSolutionNode = FALSE
	EndGlobalSection
	GlobalSection(ExtensibilityGlobals) = postSolution
		SolutionGuid = {6D1119D5-E1C4-43A4-A47F-DA43A815C1BB}
	EndGlobalSection
EndGlobal
